PODS:
  - A0Auth0 (2.13.1):
    - React
  - boost-for-react-native (1.63.0)
  - CocoaAsyncSocket (7.6.5)
  - DoubleConversion (1.1.6)
  - FBLazyVector (0.64.3)
  - FBReactNativeSpec (0.64.3):
    - RCT-Folly (= 2020.01.13.00)
    - RCTRequired (= 0.64.3)
    - RCTTypeSafety (= 0.64.3)
    - React-Core (= 0.64.3)
    - React-jsi (= 0.64.3)
    - ReactCommon/turbomodule/core (= 0.64.3)
  - Firebase/Auth (8.15.0):
    - Firebase/CoreOnly
    - FirebaseAuth (~> 8.15.0)
  - Firebase/CoreOnly (8.15.0):
    - FirebaseCore (= 8.15.0)
  - FirebaseAuth (8.15.0):
    - FirebaseCore (~> 8.0)
    - GoogleUtilities/AppDelegateSwizzler (~> 7.7)
    - GoogleUtilities/Environment (~> 7.7)
    - GTMSessionFetcher/Core (~> 1.5)
  - FirebaseCore (8.15.0):
    - FirebaseCoreDiagnostics (~> 8.0)
    - GoogleUtilities/Environment (~> 7.7)
    - GoogleUtilities/Logger (~> 7.7)
  - FirebaseCoreDiagnostics (8.15.0):
    - GoogleDataTransport (~> 9.1)
    - GoogleUtilities/Environment (~> 7.7)
    - GoogleUtilities/Logger (~> 7.7)
    - nanopb (~> 2.30908.0)
  - Flipper (0.94.1):
    - Flipper-Folly (~> 2.6)
    - Flipper-RSocket (~> 1.4)
  - Flipper-Boost-iOSX (1.76.0.1.11)
  - Flipper-DoubleConversion (1.1.7)
  - Flipper-Fmt (7.1.7)
  - Flipper-Folly (2.6.7):
    - Flipper-Boost-iOSX
    - Flipper-DoubleConversion
    - Flipper-Fmt (= 7.1.7)
    - Flipper-Glog
    - libevent (~> 2.1.12)
    - OpenSSL-Universal (= 1.1.180)
  - Flipper-Glog (0.3.6)
  - Flipper-PeerTalk (0.0.4)
  - Flipper-RSocket (1.4.3):
    - Flipper-Folly (~> 2.6)
  - FlipperKit (0.94.1):
    - FlipperKit/Core (= 0.94.1)
  - FlipperKit/Core (0.94.1):
    - Flipper (~> 0.94.1)
    - FlipperKit/CppBridge
    - FlipperKit/FBCxxFollyDynamicConvert
    - FlipperKit/FBDefines
    - FlipperKit/FKPortForwarding
  - FlipperKit/CppBridge (0.94.1):
    - Flipper (~> 0.94.1)
  - FlipperKit/FBCxxFollyDynamicConvert (0.94.1):
    - Flipper-Folly (~> 2.6)
  - FlipperKit/FBDefines (0.94.1)
  - FlipperKit/FKPortForwarding (0.94.1):
    - CocoaAsyncSocket (~> 7.6)
    - Flipper-PeerTalk (~> 0.0.4)
  - FlipperKit/FlipperKitHighlightOverlay (0.94.1)
  - FlipperKit/FlipperKitLayoutHelpers (0.94.1):
    - FlipperKit/Core
    - FlipperKit/FlipperKitHighlightOverlay
    - FlipperKit/FlipperKitLayoutTextSearchable
  - FlipperKit/FlipperKitLayoutIOSDescriptors (0.94.1):
    - FlipperKit/Core
    - FlipperKit/FlipperKitHighlightOverlay
    - FlipperKit/FlipperKitLayoutHelpers
    - YogaKit (~> 1.18)
  - FlipperKit/FlipperKitLayoutPlugin (0.94.1):
    - FlipperKit/Core
    - FlipperKit/FlipperKitHighlightOverlay
    - FlipperKit/FlipperKitLayoutHelpers
    - FlipperKit/FlipperKitLayoutIOSDescriptors
    - FlipperKit/FlipperKitLayoutTextSearchable
    - YogaKit (~> 1.18)
  - FlipperKit/FlipperKitLayoutTextSearchable (0.94.1)
  - FlipperKit/FlipperKitNetworkPlugin (0.94.1):
    - FlipperKit/Core
  - FlipperKit/FlipperKitReactPlugin (0.94.1):
    - FlipperKit/Core
  - FlipperKit/FlipperKitUserDefaultsPlugin (0.94.1):
    - FlipperKit/Core
  - FlipperKit/SKIOSNetworkPlugin (0.94.1):
    - FlipperKit/Core
    - FlipperKit/FlipperKitNetworkPlugin
  - glog (0.3.5)
  - GoogleDataTransport (9.2.0):
    - GoogleUtilities/Environment (~> 7.7)
    - nanopb (< 2.30910.0, >= 2.30908.0)
    - PromisesObjC (< 3.0, >= 1.2)
  - GoogleUtilities/AppDelegateSwizzler (7.7.0):
    - GoogleUtilities/Environment
    - GoogleUtilities/Logger
    - GoogleUtilities/Network
  - GoogleUtilities/Environment (7.7.0):
    - PromisesObjC (< 3.0, >= 1.2)
  - GoogleUtilities/Logger (7.7.0):
    - GoogleUtilities/Environment
  - GoogleUtilities/Network (7.7.0):
    - GoogleUtilities/Logger
    - "GoogleUtilities/NSData+zlib"
    - GoogleUtilities/Reachability
  - "GoogleUtilities/NSData+zlib (7.7.0)"
  - GoogleUtilities/Reachability (7.7.0):
    - GoogleUtilities/Logger
  - GTMSessionFetcher/Core (1.7.2)
  - libevent (2.1.12)
  - nanopb (2.30908.0):
    - nanopb/decode (= 2.30908.0)
    - nanopb/encode (= 2.30908.0)
  - nanopb/decode (2.30908.0)
  - nanopb/encode (2.30908.0)
  - OpenSSL-Universal (1.1.180)
  - PromisesObjC (2.1.1)
  - RCT-Folly (2020.01.13.00):
    - boost-for-react-native
    - DoubleConversion
    - glog
    - RCT-Folly/Default (= 2020.01.13.00)
  - RCT-Folly/Default (2020.01.13.00):
    - boost-for-react-native
    - DoubleConversion
    - glog
  - RCTRequired (0.64.3)
  - RCTTypeSafety (0.64.3):
    - FBLazyVector (= 0.64.3)
    - RCT-Folly (= 2020.01.13.00)
    - RCTRequired (= 0.64.3)
    - React-Core (= 0.64.3)
  - RCTYouTube (2.0.2):
    - React
    - YoutubePlayer-in-WKWebView (~> 0.3.1)
  - React (0.64.3):
    - React-Core (= 0.64.3)
    - React-Core/DevSupport (= 0.64.3)
    - React-Core/RCTWebSocket (= 0.64.3)
    - React-RCTActionSheet (= 0.64.3)
    - React-RCTAnimation (= 0.64.3)
    - React-RCTBlob (= 0.64.3)
    - React-RCTImage (= 0.64.3)
    - React-RCTLinking (= 0.64.3)
    - React-RCTNetwork (= 0.64.3)
    - React-RCTSettings (= 0.64.3)
    - React-RCTText (= 0.64.3)
    - React-RCTVibration (= 0.64.3)
  - React-callinvoker (0.64.3)
  - React-Core (0.64.3):
    - glog
    - RCT-Folly (= 2020.01.13.00)
    - React-Core/Default (= 0.64.3)
    - React-cxxreact (= 0.64.3)
    - React-jsi (= 0.64.3)
    - React-jsiexecutor (= 0.64.3)
    - React-perflogger (= 0.64.3)
    - Yoga
  - React-Core/CoreModulesHeaders (0.64.3):
    - glog
    - RCT-Folly (= 2020.01.13.00)
    - React-Core/Default
    - React-cxxreact (= 0.64.3)
    - React-jsi (= 0.64.3)
    - React-jsiexecutor (= 0.64.3)
    - React-perflogger (= 0.64.3)
    - Yoga
  - React-Core/Default (0.64.3):
    - glog
    - RCT-Folly (= 2020.01.13.00)
    - React-cxxreact (= 0.64.3)
    - React-jsi (= 0.64.3)
    - React-jsiexecutor (= 0.64.3)
    - React-perflogger (= 0.64.3)
    - Yoga
  - React-Core/DevSupport (0.64.3):
    - glog
    - RCT-Folly (= 2020.01.13.00)
    - React-Core/Default (= 0.64.3)
    - React-Core/RCTWebSocket (= 0.64.3)
    - React-cxxreact (= 0.64.3)
    - React-jsi (= 0.64.3)
    - React-jsiexecutor (= 0.64.3)
    - React-jsinspector (= 0.64.3)
    - React-perflogger (= 0.64.3)
    - Yoga
  - React-Core/RCTActionSheetHeaders (0.64.3):
    - glog
    - RCT-Folly (= 2020.01.13.00)
    - React-Core/Default
    - React-cxxreact (= 0.64.3)
    - React-jsi (= 0.64.3)
    - React-jsiexecutor (= 0.64.3)
    - React-perflogger (= 0.64.3)
    - Yoga
  - React-Core/RCTAnimationHeaders (0.64.3):
    - glog
    - RCT-Folly (= 2020.01.13.00)
    - React-Core/Default
    - React-cxxreact (= 0.64.3)
    - React-jsi (= 0.64.3)
    - React-jsiexecutor (= 0.64.3)
    - React-perflogger (= 0.64.3)
    - Yoga
  - React-Core/RCTBlobHeaders (0.64.3):
    - glog
    - RCT-Folly (= 2020.01.13.00)
    - React-Core/Default
    - React-cxxreact (= 0.64.3)
    - React-jsi (= 0.64.3)
    - React-jsiexecutor (= 0.64.3)
    - React-perflogger (= 0.64.3)
    - Yoga
  - React-Core/RCTImageHeaders (0.64.3):
    - glog
    - RCT-Folly (= 2020.01.13.00)
    - React-Core/Default
    - React-cxxreact (= 0.64.3)
    - React-jsi (= 0.64.3)
    - React-jsiexecutor (= 0.64.3)
    - React-perflogger (= 0.64.3)
    - Yoga
  - React-Core/RCTLinkingHeaders (0.64.3):
    - glog
    - RCT-Folly (= 2020.01.13.00)
    - React-Core/Default
    - React-cxxreact (= 0.64.3)
    - React-jsi (= 0.64.3)
    - React-jsiexecutor (= 0.64.3)
    - React-perflogger (= 0.64.3)
    - Yoga
  - React-Core/RCTNetworkHeaders (0.64.3):
    - glog
    - RCT-Folly (= 2020.01.13.00)
    - React-Core/Default
    - React-cxxreact (= 0.64.3)
    - React-jsi (= 0.64.3)
    - React-jsiexecutor (= 0.64.3)
    - React-perflogger (= 0.64.3)
    - Yoga
  - React-Core/RCTSettingsHeaders (0.64.3):
    - glog
    - RCT-Folly (= 2020.01.13.00)
    - React-Core/Default
    - React-cxxreact (= 0.64.3)
    - React-jsi (= 0.64.3)
    - React-jsiexecutor (= 0.64.3)
    - React-perflogger (= 0.64.3)
    - Yoga
  - React-Core/RCTTextHeaders (0.64.3):
    - glog
    - RCT-Folly (= 2020.01.13.00)
    - React-Core/Default
    - React-cxxreact (= 0.64.3)
    - React-jsi (= 0.64.3)
    - React-jsiexecutor (= 0.64.3)
    - React-perflogger (= 0.64.3)
    - Yoga
  - React-Core/RCTVibrationHeaders (0.64.3):
    - glog
    - RCT-Folly (= 2020.01.13.00)
    - React-Core/Default
    - React-cxxreact (= 0.64.3)
    - React-jsi (= 0.64.3)
    - React-jsiexecutor (= 0.64.3)
    - React-perflogger (= 0.64.3)
    - Yoga
  - React-Core/RCTWebSocket (0.64.3):
    - glog
    - RCT-Folly (= 2020.01.13.00)
    - React-Core/Default (= 0.64.3)
    - React-cxxreact (= 0.64.3)
    - React-jsi (= 0.64.3)
    - React-jsiexecutor (= 0.64.3)
    - React-perflogger (= 0.64.3)
    - Yoga
  - React-CoreModules (0.64.3):
    - FBReactNativeSpec (= 0.64.3)
    - RCT-Folly (= 2020.01.13.00)
    - RCTTypeSafety (= 0.64.3)
    - React-Core/CoreModulesHeaders (= 0.64.3)
    - React-jsi (= 0.64.3)
    - React-RCTImage (= 0.64.3)
    - ReactCommon/turbomodule/core (= 0.64.3)
  - React-cxxreact (0.64.3):
    - boost-for-react-native (= 1.63.0)
    - DoubleConversion
    - glog
    - RCT-Folly (= 2020.01.13.00)
    - React-callinvoker (= 0.64.3)
    - React-jsi (= 0.64.3)
    - React-jsinspector (= 0.64.3)
    - React-perflogger (= 0.64.3)
    - React-runtimeexecutor (= 0.64.3)
  - React-jsi (0.64.3):
    - boost-for-react-native (= 1.63.0)
    - DoubleConversion
    - glog
    - RCT-Folly (= 2020.01.13.00)
    - React-jsi/Default (= 0.64.3)
  - React-jsi/Default (0.64.3):
    - boost-for-react-native (= 1.63.0)
    - DoubleConversion
    - glog
    - RCT-Folly (= 2020.01.13.00)
  - React-jsiexecutor (0.64.3):
    - DoubleConversion
    - glog
    - RCT-Folly (= 2020.01.13.00)
    - React-cxxreact (= 0.64.3)
    - React-jsi (= 0.64.3)
    - React-perflogger (= 0.64.3)
  - React-jsinspector (0.64.3)
  - react-native-flipper (0.94.1):
    - React-Core
  - react-native-get-pixel-color (1.1.0-alpha.23):
    - React
  - react-native-orientation (3.1.3):
    - React
  - react-native-safe-area-context (3.4.1):
    - React-Core
  - react-native-video (4.4.5):
    - React
    - react-native-video/Video (= 4.4.5)
  - react-native-video/Video (4.4.5):
    - React
  - React-perflogger (0.64.3)
  - React-RCTActionSheet (0.64.3):
    - React-Core/RCTActionSheetHeaders (= 0.64.3)
  - React-RCTAnimation (0.64.3):
    - FBReactNativeSpec (= 0.64.3)
    - RCT-Folly (= 2020.01.13.00)
    - RCTTypeSafety (= 0.64.3)
    - React-Core/RCTAnimationHeaders (= 0.64.3)
    - React-jsi (= 0.64.3)
    - ReactCommon/turbomodule/core (= 0.64.3)
  - React-RCTBlob (0.64.3):
    - FBReactNativeSpec (= 0.64.3)
    - RCT-Folly (= 2020.01.13.00)
    - React-Core/RCTBlobHeaders (= 0.64.3)
    - React-Core/RCTWebSocket (= 0.64.3)
    - React-jsi (= 0.64.3)
    - React-RCTNetwork (= 0.64.3)
    - ReactCommon/turbomodule/core (= 0.64.3)
  - React-RCTImage (0.64.3):
    - FBReactNativeSpec (= 0.64.3)
    - RCT-Folly (= 2020.01.13.00)
    - RCTTypeSafety (= 0.64.3)
    - React-Core/RCTImageHeaders (= 0.64.3)
    - React-jsi (= 0.64.3)
    - React-RCTNetwork (= 0.64.3)
    - ReactCommon/turbomodule/core (= 0.64.3)
  - React-RCTLinking (0.64.3):
    - FBReactNativeSpec (= 0.64.3)
    - React-Core/RCTLinkingHeaders (= 0.64.3)
    - React-jsi (= 0.64.3)
    - ReactCommon/turbomodule/core (= 0.64.3)
  - React-RCTNetwork (0.64.3):
    - FBReactNativeSpec (= 0.64.3)
    - RCT-Folly (= 2020.01.13.00)
    - RCTTypeSafety (= 0.64.3)
    - React-Core/RCTNetworkHeaders (= 0.64.3)
    - React-jsi (= 0.64.3)
    - ReactCommon/turbomodule/core (= 0.64.3)
  - React-RCTSettings (0.64.3):
    - FBReactNativeSpec (= 0.64.3)
    - RCT-Folly (= 2020.01.13.00)
    - RCTTypeSafety (= 0.64.3)
    - React-Core/RCTSettingsHeaders (= 0.64.3)
    - React-jsi (= 0.64.3)
    - ReactCommon/turbomodule/core (= 0.64.3)
  - React-RCTText (0.64.3):
    - React-Core/RCTTextHeaders (= 0.64.3)
  - React-RCTVibration (0.64.3):
    - FBReactNativeSpec (= 0.64.3)
    - RCT-Folly (= 2020.01.13.00)
    - React-Core/RCTVibrationHeaders (= 0.64.3)
    - React-jsi (= 0.64.3)
    - ReactCommon/turbomodule/core (= 0.64.3)
  - React-runtimeexecutor (0.64.3):
    - React-jsi (= 0.64.3)
  - ReactCommon/turbomodule/core (0.64.3):
    - DoubleConversion
    - glog
    - RCT-Folly (= 2020.01.13.00)
    - React-callinvoker (= 0.64.3)
    - React-Core (= 0.64.3)
    - React-cxxreact (= 0.64.3)
    - React-jsi (= 0.64.3)
    - React-perflogger (= 0.64.3)
  - RNCAsyncStorage (1.17.3):
    - React-Core
  - RNCMaskedView (0.1.11):
    - React
  - RNCPicker (2.4.1):
    - React-Core
  - RNFBApp (14.8.1):
    - Firebase/CoreOnly (= 8.15.0)
    - React-Core
  - RNFBAuth (14.7.0):
    - Firebase/Auth (= 8.15.0)
    - React-Core
    - RNFBApp
  - RNGestureHandler (1.10.3):
    - React-Core
  - RNReanimated (2.8.0):
    - DoubleConversion
    - FBLazyVector
    - FBReactNativeSpec
    - glog
    - RCT-Folly
    - RCTRequired
    - RCTTypeSafety
    - React-callinvoker
    - React-Core
    - React-Core/DevSupport
    - React-Core/RCTWebSocket
    - React-CoreModules
    - React-cxxreact
    - React-jsi
    - React-jsiexecutor
    - React-jsinspector
    - React-RCTActionSheet
    - React-RCTAnimation
    - React-RCTBlob
    - React-RCTImage
    - React-RCTLinking
    - React-RCTNetwork
    - React-RCTSettings
    - React-RCTText
    - ReactCommon/turbomodule/core
    - Yoga
  - RNScreens (3.13.1):
    - React-Core
    - React-RCTImage
  - RNSketchCanvas (0.8.0):
    - React
  - RNVectorIcons (9.1.0):
    - React-Core
  - Yoga (1.14.0)
  - YogaKit (1.18.1):
    - Yoga (~> 1.14)
  - YoutubePlayer-in-WKWebView (0.3.8)

DEPENDENCIES:
  - A0Auth0 (from `../node_modules/react-native-auth0/ios`)
  - DoubleConversion (from `../node_modules/react-native/third-party-podspecs/DoubleConversion.podspec`)
  - FBLazyVector (from `../node_modules/react-native/Libraries/FBLazyVector`)
  - FBReactNativeSpec (from `../node_modules/react-native/React/FBReactNativeSpec`)
  - Firebase/Auth
  - Flipper (= 0.94.1)
  - Flipper-DoubleConversion (= 1.1.7)
  - Flipper-Folly (= 2.6.7)
  - Flipper-Glog (= 0.3.6)
  - Flipper-PeerTalk (~> 0.0.4)
  - Flipper-RSocket (= 1.4.3)
  - FlipperKit (= 0.94.1)
  - FlipperKit/Core (= 0.94.1)
  - FlipperKit/CppBridge (= 0.94.1)
  - FlipperKit/FBCxxFollyDynamicConvert (= 0.94.1)
  - FlipperKit/FBDefines (= 0.94.1)
  - FlipperKit/FKPortForwarding (= 0.94.1)
  - FlipperKit/FlipperKitHighlightOverlay (= 0.94.1)
  - FlipperKit/FlipperKitLayoutPlugin (= 0.94.1)
  - FlipperKit/FlipperKitLayoutTextSearchable (= 0.94.1)
  - FlipperKit/FlipperKitNetworkPlugin (= 0.94.1)
  - FlipperKit/FlipperKitReactPlugin (= 0.94.1)
  - FlipperKit/FlipperKitUserDefaultsPlugin (= 0.94.1)
  - FlipperKit/SKIOSNetworkPlugin (= 0.94.1)
  - glog (from `../node_modules/react-native/third-party-podspecs/glog.podspec`)
  - RCT-Folly (from `../node_modules/react-native/third-party-podspecs/RCT-Folly.podspec`)
  - RCTRequired (from `../node_modules/react-native/Libraries/RCTRequired`)
  - RCTTypeSafety (from `../node_modules/react-native/Libraries/TypeSafety`)
  - RCTYouTube (from `../node_modules/react-native-youtube`)
  - React (from `../node_modules/react-native/`)
  - React-callinvoker (from `../node_modules/react-native/ReactCommon/callinvoker`)
  - React-Core (from `../node_modules/react-native/`)
  - React-Core/DevSupport (from `../node_modules/react-native/`)
  - React-Core/RCTWebSocket (from `../node_modules/react-native/`)
  - React-CoreModules (from `../node_modules/react-native/React/CoreModules`)
  - React-cxxreact (from `../node_modules/react-native/ReactCommon/cxxreact`)
  - React-jsi (from `../node_modules/react-native/ReactCommon/jsi`)
  - React-jsiexecutor (from `../node_modules/react-native/ReactCommon/jsiexecutor`)
  - React-jsinspector (from `../node_modules/react-native/ReactCommon/jsinspector`)
  - react-native-flipper (from `../node_modules/react-native-flipper`)
  - react-native-get-pixel-color (from `../node_modules/react-native-get-pixel-color`)
  - react-native-orientation (from `../node_modules/react-native-orientation`)
  - react-native-safe-area-context (from `../node_modules/react-native-safe-area-context`)
  - react-native-video (from `../node_modules/react-native-video`)
  - React-perflogger (from `../node_modules/react-native/ReactCommon/reactperflogger`)
  - React-RCTActionSheet (from `../node_modules/react-native/Libraries/ActionSheetIOS`)
  - React-RCTAnimation (from `../node_modules/react-native/Libraries/NativeAnimation`)
  - React-RCTBlob (from `../node_modules/react-native/Libraries/Blob`)
  - React-RCTImage (from `../node_modules/react-native/Libraries/Image`)
  - React-RCTLinking (from `../node_modules/react-native/Libraries/LinkingIOS`)
  - React-RCTNetwork (from `../node_modules/react-native/Libraries/Network`)
  - React-RCTSettings (from `../node_modules/react-native/Libraries/Settings`)
  - React-RCTText (from `../node_modules/react-native/Libraries/Text`)
  - React-RCTVibration (from `../node_modules/react-native/Libraries/Vibration`)
  - React-runtimeexecutor (from `../node_modules/react-native/ReactCommon/runtimeexecutor`)
  - ReactCommon/turbomodule/core (from `../node_modules/react-native/ReactCommon`)
  - "RNCAsyncStorage (from `../node_modules/@react-native-async-storage/async-storage`)"
  - "RNCMaskedView (from `../node_modules/@react-native-community/masked-view`)"
  - "RNCPicker (from `../node_modules/@react-native-picker/picker`)"
  - "RNFBApp (from `../node_modules/@react-native-firebase/app`)"
  - "RNFBAuth (from `../node_modules/@react-native-firebase/auth`)"
  - RNGestureHandler (from `../node_modules/react-native-gesture-handler`)
  - RNReanimated (from `../node_modules/react-native-reanimated`)
  - RNScreens (from `../node_modules/react-native-screens`)
  - "RNSketchCanvas (from `../node_modules/@terrylinla/react-native-sketch-canvas`)"
  - RNVectorIcons (from `../node_modules/react-native-vector-icons`)
  - Yoga (from `../node_modules/react-native/ReactCommon/yoga`)

SPEC REPOS:
  trunk:
    - boost-for-react-native
    - CocoaAsyncSocket
    - Firebase
    - FirebaseAuth
    - FirebaseCore
    - FirebaseCoreDiagnostics
    - Flipper
    - Flipper-Boost-iOSX
    - Flipper-DoubleConversion
    - Flipper-Fmt
    - Flipper-Folly
    - Flipper-Glog
    - Flipper-PeerTalk
    - Flipper-RSocket
    - FlipperKit
    - GoogleDataTransport
    - GoogleUtilities
    - GTMSessionFetcher
    - libevent
    - nanopb
    - OpenSSL-Universal
    - PromisesObjC
    - YogaKit
    - YoutubePlayer-in-WKWebView

EXTERNAL SOURCES:
  A0Auth0:
    :path: "../node_modules/react-native-auth0/ios"
  DoubleConversion:
    :podspec: "../node_modules/react-native/third-party-podspecs/DoubleConversion.podspec"
  FBLazyVector:
    :path: "../node_modules/react-native/Libraries/FBLazyVector"
  FBReactNativeSpec:
    :path: "../node_modules/react-native/React/FBReactNativeSpec"
  glog:
    :podspec: "../node_modules/react-native/third-party-podspecs/glog.podspec"
  RCT-Folly:
    :podspec: "../node_modules/react-native/third-party-podspecs/RCT-Folly.podspec"
  RCTRequired:
    :path: "../node_modules/react-native/Libraries/RCTRequired"
  RCTTypeSafety:
    :path: "../node_modules/react-native/Libraries/TypeSafety"
  RCTYouTube:
    :path: "../node_modules/react-native-youtube"
  React:
    :path: "../node_modules/react-native/"
  React-callinvoker:
    :path: "../node_modules/react-native/ReactCommon/callinvoker"
  React-Core:
    :path: "../node_modules/react-native/"
  React-CoreModules:
    :path: "../node_modules/react-native/React/CoreModules"
  React-cxxreact:
    :path: "../node_modules/react-native/ReactCommon/cxxreact"
  React-jsi:
    :path: "../node_modules/react-native/ReactCommon/jsi"
  React-jsiexecutor:
    :path: "../node_modules/react-native/ReactCommon/jsiexecutor"
  React-jsinspector:
    :path: "../node_modules/react-native/ReactCommon/jsinspector"
  react-native-flipper:
    :path: "../node_modules/react-native-flipper"
  react-native-get-pixel-color:
    :path: "../node_modules/react-native-get-pixel-color"
  react-native-orientation:
    :path: "../node_modules/react-native-orientation"
  react-native-safe-area-context:
    :path: "../node_modules/react-native-safe-area-context"
  react-native-video:
    :path: "../node_modules/react-native-video"
  React-perflogger:
    :path: "../node_modules/react-native/ReactCommon/reactperflogger"
  React-RCTActionSheet:
    :path: "../node_modules/react-native/Libraries/ActionSheetIOS"
  React-RCTAnimation:
    :path: "../node_modules/react-native/Libraries/NativeAnimation"
  React-RCTBlob:
    :path: "../node_modules/react-native/Libraries/Blob"
  React-RCTImage:
    :path: "../node_modules/react-native/Libraries/Image"
  React-RCTLinking:
    :path: "../node_modules/react-native/Libraries/LinkingIOS"
  React-RCTNetwork:
    :path: "../node_modules/react-native/Libraries/Network"
  React-RCTSettings:
    :path: "../node_modules/react-native/Libraries/Settings"
  React-RCTText:
    :path: "../node_modules/react-native/Libraries/Text"
  React-RCTVibration:
    :path: "../node_modules/react-native/Libraries/Vibration"
  React-runtimeexecutor:
    :path: "../node_modules/react-native/ReactCommon/runtimeexecutor"
  ReactCommon:
    :path: "../node_modules/react-native/ReactCommon"
  RNCAsyncStorage:
    :path: "../node_modules/@react-native-async-storage/async-storage"
  RNCMaskedView:
    :path: "../node_modules/@react-native-community/masked-view"
  RNCPicker:
    :path: "../node_modules/@react-native-picker/picker"
  RNFBApp:
    :path: "../node_modules/@react-native-firebase/app"
  RNFBAuth:
    :path: "../node_modules/@react-native-firebase/auth"
  RNGestureHandler:
    :path: "../node_modules/react-native-gesture-handler"
  RNReanimated:
    :path: "../node_modules/react-native-reanimated"
  RNScreens:
    :path: "../node_modules/react-native-screens"
  RNSketchCanvas:
    :path: "../node_modules/@terrylinla/react-native-sketch-canvas"
  RNVectorIcons:
    :path: "../node_modules/react-native-vector-icons"
  Yoga:
    :path: "../node_modules/react-native/ReactCommon/yoga"

SPEC CHECKSUMS:
  A0Auth0: 650e33fc16ba6412322bdb7c500f1e9119c2eb04
  boost-for-react-native: 39c7adb57c4e60d6c5479dd8623128eb5b3f0f2c
  CocoaAsyncSocket: 065fd1e645c7abab64f7a6a2007a48038fdc6a99
  DoubleConversion: cf9b38bf0b2d048436d9a82ad2abe1404f11e7de
  FBLazyVector: c71c5917ec0ad2de41d5d06a5855f6d5eda06971
  FBReactNativeSpec: c40f3559fdf86a746caab5b515f6c643b42db175
  Firebase: 5f8193dff4b5b7c5d5ef72ae54bb76c08e2b841d
  FirebaseAuth: 3e73bf8abf4fbb40f8b421f361f4cc48ee57388c
  FirebaseCore: 5743c5785c074a794d35f2fff7ecc254a91e08b1
  FirebaseCoreDiagnostics: 92e07a649aeb66352b319d43bdd2ee3942af84cb
  Flipper: aac900e73c4b9a55421b428f62684f993b5e43a8
  Flipper-Boost-iOSX: fd1e2b8cbef7e662a122412d7ac5f5bea715403c
  Flipper-DoubleConversion: 38631e41ef4f9b12861c67d17cb5518d06badc41
  Flipper-Fmt: 60cbdd92fc254826e61d669a5d87ef7015396a9b
  Flipper-Folly: 83af37379faa69497529e414bd43fbfc7cae259a
  Flipper-Glog: 1dfd6abf1e922806c52ceb8701a3599a79a200a6
  Flipper-PeerTalk: 116d8f857dc6ef55c7a5a75ea3ceaafe878aadc9
  Flipper-RSocket: d9d9ade67cbecf6ac10730304bf5607266dd2541
  FlipperKit: 74fafa5bf9562fe87029285d810d5f7867978683
  glog: 73c2498ac6884b13ede40eda8228cb1eee9d9d62
  GoogleDataTransport: 1c8145da7117bd68bbbed00cf304edb6a24de00f
  GoogleUtilities: e0913149f6b0625b553d70dae12b49fc62914fd1
  GTMSessionFetcher: 5595ec75acf5be50814f81e9189490412bad82ba
  libevent: 4049cae6c81cdb3654a443be001fb9bdceff7913
  nanopb: a0ba3315591a9ae0a16a309ee504766e90db0c96
  OpenSSL-Universal: 1aa4f6a6ee7256b83db99ec1ccdaa80d10f9af9b
  PromisesObjC: ab77feca74fa2823e7af4249b8326368e61014cb
  RCT-Folly: ec7a233ccc97cc556cf7237f0db1ff65b986f27c
  RCTRequired: d34bf57e17cb6e3b2681f4809b13843c021feb6c
  RCTTypeSafety: 8dab4933124ed39bb0c1d88d74d61b1eb950f28f
  RCTYouTube: 13fdb790b6339111cb7191427cac8708a8a09215
  React: ef700aeb19afabff83a9cc5799ac955a9c6b5e0f
  React-callinvoker: 5547633d44f3e114b17c03c660ccb5faefd9ed2d
  React-Core: 3858d60185d71567962468bf176d582e36e4e25b
  React-CoreModules: 29b3397adac0c04915cf93089328664868510717
  React-cxxreact: 7e6cc1f4cdfcd40e483dd228fa8a3d3e0ed16f4a
  React-jsi: a8b09c29521c798f1783348b37b511ba7b3dbeb3
  React-jsiexecutor: df6abc9fafbecb8e5b7a5fbc5e6d4bd017d594d5
  React-jsinspector: 34e23860273a23695342f58eed3ffd3ba10c31e0
  react-native-flipper: e3da3457a7cb984b4beaddecb587674a8545b71d
  react-native-get-pixel-color: 68005d505be66fd0329f65e67b2a3db83154fde3
  react-native-orientation: d4a97266b06ec8d45d74e626656a730ebbebbb6f
  react-native-safe-area-context: 5b8a418400eb3d8364aa87300e865c0262cc17b9
  react-native-video: aa527b0acb37f94c4491e70df0274cb26979405d
  React-perflogger: cc76a4254d19640f1d8ad1c66fdee800414b805c
  React-RCTActionSheet: 7448f049318d8d7e8a9a1ebb742ada721757eea8
  React-RCTAnimation: fb9b3fa1a4a9f5e6ab01b3368693ce69860ba76a
  React-RCTBlob: a2e7056601c599c19884992f08ebacae810426f9
  React-RCTImage: 5a46c12327d0d6f6844a1fe38baa92a1e02847e8
  React-RCTLinking: 63dd8305591e1def35267557ed42918aec9eb30b
  React-RCTNetwork: d0516e39a5f736b2bff671c3e03804200161dcd3
  React-RCTSettings: a09566b14f1649f6c8a39ad1a174bb5c0631bb09
  React-RCTText: 04a2f0a281f715f0aed4f515717fafd64510e2c8
  React-RCTVibration: c7f845861e79eae13dc1e8217a3cf47a3945b504
  React-runtimeexecutor: 493d9abb8b23c3f84e19ae221eeba92cadcb70dc
  ReactCommon: 8fea6422328e2fc093e25c9fac67adbcf0f04fb4
  RNCAsyncStorage: bef53cb70c06b8eff11bab4a848de86ad4488c39
  RNCMaskedView: f127cd9652acfa31b91dcff613e07ba18b774db6
  RNCPicker: abc646b53a3d28ccfa3232c927a0ca52e0cf024d
  RNFBApp: 6aa068869d959488039cbceb2d830f53d4136c72
  RNFBAuth: 192fab090f9af9b203a7599bbc358019c42eae09
  RNGestureHandler: a479ebd5ed4221a810967000735517df0d2db211
  RNReanimated: 7f3eef39b48facdb0b053873abdaafaa6a953b0d
  RNScreens: 40a2cb40a02a609938137a1e0acfbf8fc9eebf19
  RNSketchCanvas: 6939b18677cd1794151cc3d8eb5a0a2158a4a05b
  RNVectorIcons: 7923e585eaeb139b9f4531d25a125a1500162a0b
  Yoga: e6ecf3fa25af9d4c87e94ad7d5d292eedef49749
  YogaKit: f782866e155069a2cca2517aafea43200b01fd5a
  YoutubePlayer-in-WKWebView: 4fca3b4f6f09940077bfbae7bddb771f2b43aacd

PODFILE CHECKSUM: aff23a5453a14c16c01e5bf0db7c70466aa14ac5

COCOAPODS: 1.11.3
